{
  "name": "vite-project",
  "version": "0.0.0",
  "lockfileVersion": 3,
  "requires": true,
  "packages": {
    "": {
      "name": "vite-project",
      "version": "0.0.0",
      "license": "ISC",
      "dependencies": {
        "gl-matrix": "^3.4.3",
        "orbit-camera": "^1.0.0",
        "orbit-controls": "^1.2.4",
        "p5": "^1.9.1",
        "regl": "^2.1.1",
        "scheduling": "^1.4.4"
      },
      "devDependencies": {
        "@types/node": "^22.10.5",
        "sass": "^1.71.1",
        "typescript": "^5.7.2",
        "vite": "^5.1.6"
      }
    },
    "node_modules/@esbuild/darwin-arm64": {
      "version": "0.21.5",
      "resolved": "https://registry.npmjs.org/@esbuild/darwin-arm64/-/darwin-arm64-0.21.5.tgz",
      "integrity": "sha512-DwqXqZyuk5AiWWf3UfLiRDJ5EDd49zg6O9wclZ7kUMv2WRFr4HKjXp/5t8JZ11QbQfUS6/cRCKGwYhtNAY88kQ==",
      "cpu": [
        "arm64"
      ],
      "dev": true,
      "license": "MIT",
      "optional": true,
      "os": [
        "darwin"
      ],
      "engines": {
        "node": ">=12"
      }
    },
    "node_modules/@parcel/watcher": {
      "version": "2.5.0",
      "resolved": "https://registry.npmjs.org/@parcel/watcher/-/watcher-2.5.0.tgz",
      "integrity": "sha512-i0GV1yJnm2n3Yq1qw6QrUrd/LI9bE8WEBOTtOkpCXHHdyN3TAGgqAK/DAT05z4fq2x04cARXt2pDmjWjL92iTQ==",
      "dev": true,
      "hasInstallScript": true,
      "license": "MIT",
      "optional": true,
      "dependencies": {
        "detect-libc": "^1.0.3",
        "is-glob": "^4.0.3",
        "micromatch": "^4.0.5",
        "node-addon-api": "^7.0.0"
      },
      "engines": {
        "node": ">= 10.0.0"
      },
      "funding": {
        "type": "opencollective",
        "url": "https://opencollective.com/parcel"
      },
      "optionalDependencies": {
        "@parcel/watcher-android-arm64": "2.5.0",
        "@parcel/watcher-darwin-arm64": "2.5.0",
        "@parcel/watcher-darwin-x64": "2.5.0",
        "@parcel/watcher-freebsd-x64": "2.5.0",
        "@parcel/watcher-linux-arm-glibc": "2.5.0",
        "@parcel/watcher-linux-arm-musl": "2.5.0",
        "@parcel/watcher-linux-arm64-glibc": "2.5.0",
        "@parcel/watcher-linux-arm64-musl": "2.5.0",
        "@parcel/watcher-linux-x64-glibc": "2.5.0",
        "@parcel/watcher-linux-x64-musl": "2.5.0",
        "@parcel/watcher-win32-arm64": "2.5.0",
        "@parcel/watcher-win32-ia32": "2.5.0",
        "@parcel/watcher-win32-x64": "2.5.0"
      }
    },
    "node_modules/@parcel/watcher-darwin-arm64": {
      "version": "2.5.0",
      "resolved": "https://registry.npmjs.org/@parcel/watcher-darwin-arm64/-/watcher-darwin-arm64-2.5.0.tgz",
      "integrity": "sha512-hyZ3TANnzGfLpRA2s/4U1kbw2ZI4qGxaRJbBH2DCSREFfubMswheh8TeiC1sGZ3z2jUf3s37P0BBlrD3sjVTUw==",
      "cpu": [
        "arm64"
      ],
      "dev": true,
      "license": "MIT",
      "optional": true,
      "os": [
        "darwin"
      ],
      "engines": {
        "node": ">= 10.0.0"
      },
      "funding": {
        "type": "opencollective",
        "url": "https://opencollective.com/parcel"
      }
    },
    "node_modules/@rollup/rollup-darwin-arm64": {
      "version": "4.29.1",
      "resolved": "https://registry.npmjs.org/@rollup/rollup-darwin-arm64/-/rollup-darwin-arm64-4.29.1.tgz",
      "integrity": "sha512-2ORr7T31Y0Mnk6qNuwtyNmy14MunTAMx06VAPI6/Ju52W10zk1i7i5U3vlDRWjhOI5quBcrvhkCHyF76bI7kEw==",
      "cpu": [
        "arm64"
      ],
      "dev": true,
      "license": "MIT",
      "optional": true,
      "os": [
        "darwin"
      ]
    },
    "node_modules/@types/estree": {
      "version": "1.0.6",
      "resolved": "https://registry.npmjs.org/@types/estree/-/estree-1.0.6.tgz",
      "integrity": "sha512-AYnb1nQyY49te+VRAVgmzfcgjYS91mY5P0TKUDCLEM+gNnA+3T6rWITXRLYCpahpqSQbN5cE+gHpnPyXjHWxcw==",
      "dev": true,
      "license": "MIT"
    },
    "node_modules/@types/node": {
      "version": "22.10.5",
      "resolved": "https://registry.npmjs.org/@types/node/-/node-22.10.5.tgz",
      "integrity": "sha512-F8Q+SeGimwOo86fiovQh8qiXfFEh2/ocYv7tU5pJ3EXMSSxk1Joj5wefpFK2fHTf/N6HKGSxIDBT9f3gCxXPkQ==",
      "dev": true,
      "license": "MIT",
      "dependencies": {
        "undici-types": "~6.20.0"
      }
    },
    "node_modules/braces": {
      "version": "3.0.3",
      "resolved": "https://registry.npmjs.org/braces/-/braces-3.0.3.tgz",
      "integrity": "sha512-yQbXgO/OSZVD2IsiLlro+7Hf6Q18EJrKSEsdoMzKePKXct3gvD8oLcOQdIzGupr5Fj+EDe8gO/lxc1BzfMpxvA==",
      "dev": true,
      "license": "MIT",
      "optional": true,
      "dependencies": {
        "fill-range": "^7.1.1"
      },
      "engines": {
        "node": ">=8"
      }
    },
    "node_modules/chokidar": {
      "version": "4.0.3",
      "resolved": "https://registry.npmjs.org/chokidar/-/chokidar-4.0.3.tgz",
      "integrity": "sha512-Qgzu8kfBvo+cA4962jnP1KkS6Dop5NS6g7R5LFYJr4b8Ub94PPQXUksCw9PvXoeXPRRddRNC5C1JQUR2SMGtnA==",
      "dev": true,
      "license": "MIT",
      "dependencies": {
        "readdirp": "^4.0.1"
      },
      "engines": {
        "node": ">= 14.16.0"
      },
      "funding": {
        "url": "https://paulmillr.com/funding/"
      }
    },
    "node_modules/clamp": {
      "version": "1.0.1",
      "resolved": "https://registry.npmjs.org/clamp/-/clamp-1.0.1.tgz",
      "integrity": "sha512-kgMuFyE78OC6Dyu3Dy7vcx4uy97EIbVxJB/B0eJ3bUNAkwdNcxYzgKltnyADiYwsR7SEqkkUPsEUT//OVS6XMA==",
      "license": "MIT"
    },
    "node_modules/defined": {
      "version": "1.0.1",
      "resolved": "https://registry.npmjs.org/defined/-/defined-1.0.1.tgz",
      "integrity": "sha512-hsBd2qSVCRE+5PmNdHt1uzyrFu5d3RwmFDKzyNZMFq/EwDNJF7Ee5+D5oEKF0hU6LhtoUF1macFvOe4AskQC1Q==",
      "license": "MIT",
      "funding": {
        "url": "https://github.com/sponsors/ljharb"
      }
    },
    "node_modules/detect-libc": {
      "version": "1.0.3",
      "resolved": "https://registry.npmjs.org/detect-libc/-/detect-libc-1.0.3.tgz",
      "integrity": "sha512-pGjwhsmsp4kL2RTz08wcOlGN83otlqHeD/Z5T8GXZB+/YcpQ/dgo+lbU8ZsGxV0HIvqqxo9l7mqYwyYMD9bKDg==",
      "dev": true,
      "license": "Apache-2.0",
      "optional": true,
      "bin": {
        "detect-libc": "bin/detect-libc.js"
      },
      "engines": {
        "node": ">=0.10"
      }
    },
    "node_modules/dprop": {
      "version": "1.0.0",
      "resolved": "https://registry.npmjs.org/dprop/-/dprop-1.0.0.tgz",
      "integrity": "sha512-CNrGk9cBoRzsLtyGRTcjsYh0n63nLtnWelCV31DlEK/yftX05rLK7qb9et891DYLUwhadlh/lOxq7W/+8XA2pQ==",
      "license": "MIT"
    },
    "node_modules/esbuild": {
      "version": "0.21.5",
      "resolved": "https://registry.npmjs.org/esbuild/-/esbuild-0.21.5.tgz",
      "integrity": "sha512-mg3OPMV4hXywwpoDxu3Qda5xCKQi+vCTZq8S9J/EpkhB2HzKXq4SNFZE3+NK93JYxc8VMSep+lOUSC/RVKaBqw==",
      "dev": true,
      "hasInstallScript": true,
      "license": "MIT",
      "bin": {
        "esbuild": "bin/esbuild"
      },
      "engines": {
        "node": ">=12"
      },
      "optionalDependencies": {
        "@esbuild/aix-ppc64": "0.21.5",
        "@esbuild/android-arm": "0.21.5",
        "@esbuild/android-arm64": "0.21.5",
        "@esbuild/android-x64": "0.21.5",
        "@esbuild/darwin-arm64": "0.21.5",
        "@esbuild/darwin-x64": "0.21.5",
        "@esbuild/freebsd-arm64": "0.21.5",
        "@esbuild/freebsd-x64": "0.21.5",
        "@esbuild/linux-arm": "0.21.5",
        "@esbuild/linux-arm64": "0.21.5",
        "@esbuild/linux-ia32": "0.21.5",
        "@esbuild/linux-loong64": "0.21.5",
        "@esbuild/linux-mips64el": "0.21.5",
        "@esbuild/linux-ppc64": "0.21.5",
        "@esbuild/linux-riscv64": "0.21.5",
        "@esbuild/linux-s390x": "0.21.5",
        "@esbuild/linux-x64": "0.21.5",
        "@esbuild/netbsd-x64": "0.21.5",
        "@esbuild/openbsd-x64": "0.21.5",
        "@esbuild/sunos-x64": "0.21.5",
        "@esbuild/win32-arm64": "0.21.5",
        "@esbuild/win32-ia32": "0.21.5",
        "@esbuild/win32-x64": "0.21.5"
      }
    },
    "node_modules/events": {
      "version": "1.1.1",
      "resolved": "https://registry.npmjs.org/events/-/events-1.1.1.tgz",
      "integrity": "sha512-kEcvvCBByWXGnZy6JUlgAp2gBIUjfCAV6P6TgT1/aaQKcmuAEC4OZTV1I4EWQLz2gxZw76atuVyvHhTxvi0Flw==",
      "license": "MIT",
      "engines": {
        "node": ">=0.4.x"
      }
    },
    "node_modules/fill-range": {
      "version": "7.1.1",
      "resolved": "https://registry.npmjs.org/fill-range/-/fill-range-7.1.1.tgz",
      "integrity": "sha512-YsGpe3WHLK8ZYi4tWDg2Jy3ebRz2rXowDxnld4bkQB00cc/1Zw9AWnC0i9ztDJitivtQvaI9KaLyKrc+hBW0yg==",
      "dev": true,
      "license": "MIT",
      "optional": true,
      "dependencies": {
        "to-regex-range": "^5.0.1"
      },
      "engines": {
        "node": ">=8"
      }
    },
    "node_modules/fsevents": {
      "version": "2.3.3",
      "resolved": "https://registry.npmjs.org/fsevents/-/fsevents-2.3.3.tgz",
      "integrity": "sha512-5xoDfX+fL7faATnagmWPpbFtwh/R77WmMMqqHGS65C3vvB0YHrgF+B1YmZ3441tMj5n63k0212XNoJwzlhffQw==",
      "dev": true,
      "hasInstallScript": true,
      "license": "MIT",
      "optional": true,
      "os": [
        "darwin"
      ],
      "engines": {
        "node": "^8.16.0 || ^10.6.0 || >=11.0.0"
      }
    },
    "node_modules/gl-mat3": {
      "version": "1.0.0",
      "resolved": "https://registry.npmjs.org/gl-mat3/-/gl-mat3-1.0.0.tgz",
      "integrity": "sha512-obeEq9y7xaDoVkwMGJNL1upwpYlPJiXJFhREaNytMqUdfHKHNna9HvImmLV8F8Ys6QOYwPPddptZNoiiec/XOg==",
      "license": "zlib"
    },
    "node_modules/gl-matrix": {
      "version": "3.4.3",
      "resolved": "https://registry.npmjs.org/gl-matrix/-/gl-matrix-3.4.3.tgz",
      "integrity": "sha512-wcCp8vu8FT22BnvKVPjXa/ICBWRq/zjFfdofZy1WSpQZpphblv12/bOQLBC1rMM7SGOFS9ltVmKOHil5+Ml7gA==",
      "license": "MIT"
    },
    "node_modules/gl-quat": {
      "version": "1.0.0",
      "resolved": "https://registry.npmjs.org/gl-quat/-/gl-quat-1.0.0.tgz",
      "integrity": "sha512-Pv9yvjJgQN85EbE79S+DF50ujxDkyjfYHIyXJcCRiimU1UxMY7vEHbVkj0IWLFaDndhfZT9vVOyfdMobLlrJsQ==",
      "license": "Zlib",
      "dependencies": {
        "gl-mat3": "^1.0.0",
        "gl-vec3": "^1.0.3",
        "gl-vec4": "^1.0.0"
      }
    },
    "node_modules/gl-vec2": {
      "version": "1.3.0",
      "resolved": "https://registry.npmjs.org/gl-vec2/-/gl-vec2-1.3.0.tgz",
      "integrity": "sha512-YiqaAuNsheWmUV0Sa8k94kBB0D6RWjwZztyO+trEYS8KzJ6OQB/4686gdrf59wld4hHFIvaxynO3nRxpk1Ij/A==",
      "license": "zlib"
    },
    "node_modules/gl-vec3": {
      "version": "1.1.3",
      "resolved": "https://registry.npmjs.org/gl-vec3/-/gl-vec3-1.1.3.tgz",
      "integrity": "sha512-jduKUqT0SGH02l8Yl+mV1yVsDfYgQAJyXGxkJQGyxPLHRiW25DwVIRPt6uvhrEMHftJfqhqKthRcyZqNEl9Xdw==",
      "license": "zlib"
    },
    "node_modules/gl-vec4": {
      "version": "1.0.1",
      "resolved": "https://registry.npmjs.org/gl-vec4/-/gl-vec4-1.0.1.tgz",
      "integrity": "sha512-/gx5zzIy75JXzke4yuwcbvK+COWf8UJbVCUPvhfsYVw1GVey4Eextk/0H0ctXnOICruNK7+GS4ILQzEQcHcPEg==",
      "license": "Zlib"
    },
    "node_modules/immutable": {
      "version": "5.0.3",
      "resolved": "https://registry.npmjs.org/immutable/-/immutable-5.0.3.tgz",
      "integrity": "sha512-P8IdPQHq3lA1xVeBRi5VPqUm5HDgKnx0Ru51wZz5mjxHr5n3RWhjIpOFU7ybkUxfB+5IToy+OLaHYDBIWsv+uw==",
      "dev": true,
      "license": "MIT"
    },
    "node_modules/is-extglob": {
      "version": "2.1.1",
      "resolved": "https://registry.npmjs.org/is-extglob/-/is-extglob-2.1.1.tgz",
      "integrity": "sha512-SbKbANkN603Vi4jEZv49LeVJMn4yGwsbzZworEoyEiutsN3nJYdbO36zfhGJ6QEDpOZIFkDtnq5JRxmvl3jsoQ==",
      "dev": true,
      "license": "MIT",
      "optional": true,
      "engines": {
        "node": ">=0.10.0"
      }
    },
    "node_modules/is-glob": {
      "version": "4.0.3",
      "resolved": "https://registry.npmjs.org/is-glob/-/is-glob-4.0.3.tgz",
      "integrity": "sha512-xelSayHH36ZgE7ZWhli7pW34hNbNl8Ojv5KVmkJD4hBdD3th8Tfk9vYasLM+mXWOZhFkgZfxhLSnrwRr4elSSg==",
      "dev": true,
      "license": "MIT",
      "optional": true,
      "dependencies": {
        "is-extglob": "^2.1.1"
      },
      "engines": {
        "node": ">=0.10.0"
      }
    },
    "node_modules/is-number": {
      "version": "7.0.0",
      "resolved": "https://registry.npmjs.org/is-number/-/is-number-7.0.0.tgz",
      "integrity": "sha512-41Cifkg6e8TylSpdtTpeLVMqvSBEVzTttHvERD741+pnZ8ANv0004MRL43QKPDlK9cGvNp6NZWZUBlbGXYxxng==",
      "dev": true,
      "license": "MIT",
      "optional": true,
      "engines": {
        "node": ">=0.12.0"
      }
    },
    "node_modules/micromatch": {
      "version": "4.0.8",
      "resolved": "https://registry.npmjs.org/micromatch/-/micromatch-4.0.8.tgz",
      "integrity": "sha512-PXwfBhYu0hBCPw8Dn0E+WDYb7af3dSLVWKi3HGv84IdF4TyFoC0ysxFd0Goxw7nSv4T/PzEJQxsYsEiFCKo2BA==",
      "dev": true,
      "license": "MIT",
      "optional": true,
      "dependencies": {
        "braces": "^3.0.3",
        "picomatch": "^2.3.1"
      },
      "engines": {
        "node": ">=8.6"
      }
    },
    "node_modules/mouse-event-offset": {
      "version": "3.0.2",
      "resolved": "https://registry.npmjs.org/mouse-event-offset/-/mouse-event-offset-3.0.2.tgz",
      "integrity": "sha512-s9sqOs5B1Ykox3Xo8b3Ss2IQju4UwlW6LSR+Q5FXWpprJ5fzMLefIIItr3PH8RwzfGy6gxs/4GAmiNuZScE25w==",
      "license": "MIT"
    },
    "node_modules/mouse-wheel": {
      "version": "1.2.0",
      "resolved": "https://registry.npmjs.org/mouse-wheel/-/mouse-wheel-1.2.0.tgz",
      "integrity": "sha512-+OfYBiUOCTWcTECES49neZwL5AoGkXE+lFjIvzwNCnYRlso+EnfvovcBxGoyQ0yQt806eSPjS675K0EwWknXmw==",
      "license": "MIT",
      "dependencies": {
        "right-now": "^1.0.0",
        "signum": "^1.0.0",
        "to-px": "^1.0.1"
      }
    },
    "node_modules/nanoid": {
      "version": "3.3.8",
      "resolved": "https://registry.npmjs.org/nanoid/-/nanoid-3.3.8.tgz",
      "integrity": "sha512-WNLf5Sd8oZxOm+TzppcYk8gVOgP+l58xNy58D0nbUnOxOWRWvlcCV4kUF7ltmI6PsrLl/BgKEyS4mqsGChFN0w==",
      "dev": true,
      "funding": [
        {
          "type": "github",
          "url": "https://github.com/sponsors/ai"
        }
      ],
      "license": "MIT",
      "bin": {
        "nanoid": "bin/nanoid.cjs"
      },
      "engines": {
        "node": "^10 || ^12 || ^13.7 || ^14 || >=15.0.1"
      }
    },
    "node_modules/node-addon-api": {
      "version": "7.1.1",
      "resolved": "https://registry.npmjs.org/node-addon-api/-/node-addon-api-7.1.1.tgz",
      "integrity": "sha512-5m3bsyrjFWE1xf7nz7YXdN4udnVtXK6/Yfgn5qnahL6bCkf2yKt4k3nuTKAtT4r3IG8JNR2ncsIMdZuAzJjHQQ==",
      "dev": true,
      "license": "MIT",
      "optional": true
    },
    "node_modules/orbit-camera": {
      "version": "1.0.0",
      "resolved": "https://registry.npmjs.org/orbit-camera/-/orbit-camera-1.0.0.tgz",
      "integrity": "sha512-RJ9ywtL3DCDeXFLoGgzDYoJN6PPi6T490r1q6niWzacLaSiY3N8WuhOQ2vEvapMOHKXQl2iCsxBnBSeOHwECyw==",
      "license": "MIT",
      "dependencies": {
        "gl-matrix": "^2.2.0"
      }
    },
    "node_modules/orbit-camera/node_modules/gl-matrix": {
      "version": "2.8.1",
      "resolved": "https://registry.npmjs.org/gl-matrix/-/gl-matrix-2.8.1.tgz",
      "integrity": "sha512-0YCjVpE3pS5XWlN3J4X7AiAx65+nqAI54LndtVFnQZB6G/FVLkZH8y8V6R3cIoOQR4pUdfwQGd1iwyoXHJ4Qfw==",
      "license": "MIT"
    },
    "node_modules/orbit-controls": {
      "version": "1.2.4",
      "resolved": "https://registry.npmjs.org/orbit-controls/-/orbit-controls-1.2.4.tgz",
      "integrity": "sha512-2x2MTDYrBlJEapwsPfsHcerh1WxSRHZW1i/EmNyeqTVrGPor9XR1cxQPTBahlGnYNxr6P6/kxvl8gLropxuQoA==",
      "license": "MIT",
      "dependencies": {
        "clamp": "^1.0.1",
        "defined": "^1.0.0",
        "gl-quat": "^1.0.0",
        "gl-vec3": "^1.0.3",
        "mouse-event-offset": "^3.0.2",
        "mouse-wheel": "^1.2.0",
        "quat-from-unit-vec3": "^1.0.0",
        "touch-pinch": "^1.0.0"
      }
    },
    "node_modules/p5": {
      "version": "1.11.2",
      "resolved": "https://registry.npmjs.org/p5/-/p5-1.11.2.tgz",
      "integrity": "sha512-kvtMTmxJexkbfuaVThg/1JE6iQyS8tTAqGE1UGbfApKUIzDc5hHM23hc08FV3jG0jlNS2En9kqZDb4FrJ8x+kg==",
      "license": "LGPL-2.1"
    },
    "node_modules/parse-unit": {
      "version": "1.0.1",
      "resolved": "https://registry.npmjs.org/parse-unit/-/parse-unit-1.0.1.tgz",
      "integrity": "sha512-hrqldJHokR3Qj88EIlV/kAyAi/G5R2+R56TBANxNMy0uPlYcttx0jnMW6Yx5KsKPSbC3KddM/7qQm3+0wEXKxg==",
      "license": "MIT"
    },
    "node_modules/picocolors": {
      "version": "1.1.1",
      "resolved": "https://registry.npmjs.org/picocolors/-/picocolors-1.1.1.tgz",
      "integrity": "sha512-xceH2snhtb5M9liqDsmEw56le376mTZkEX/jEb/RxNFyegNul7eNslCXP9FDj/Lcu0X8KEyMceP2ntpaHrDEVA==",
      "dev": true,
      "license": "ISC"
    },
    "node_modules/picomatch": {
      "version": "2.3.1",
      "resolved": "https://registry.npmjs.org/picomatch/-/picomatch-2.3.1.tgz",
      "integrity": "sha512-JU3teHTNjmE2VCGFzuY8EXzCDVwEqB2a8fsIvwaStHhAWJEeVd1o1QD80CU6+ZdEXXSLbSsuLwJjkCBWqRQUVA==",
      "dev": true,
      "license": "MIT",
      "optional": true,
      "engines": {
        "node": ">=8.6"
      },
      "funding": {
        "url": "https://github.com/sponsors/jonschlinkert"
      }
    },
    "node_modules/postcss": {
      "version": "8.4.49",
      "resolved": "https://registry.npmjs.org/postcss/-/postcss-8.4.49.tgz",
      "integrity": "sha512-OCVPnIObs4N29kxTjzLfUryOkvZEq+pf8jTF0lg8E7uETuWHA+v7j3c/xJmiqpX450191LlmZfUKkXxkTry7nA==",
      "dev": true,
      "funding": [
        {
          "type": "opencollective",
          "url": "https://opencollective.com/postcss/"
        },
        {
          "type": "tidelift",
          "url": "https://tidelift.com/funding/github/npm/postcss"
        },
        {
          "type": "github",
          "url": "https://github.com/sponsors/ai"
        }
      ],
      "license": "MIT",
      "dependencies": {
        "nanoid": "^3.3.7",
        "picocolors": "^1.1.1",
        "source-map-js": "^1.2.1"
      },
      "engines": {
        "node": "^10 || ^12 || >=14"
      }
    },
    "node_modules/quat-from-unit-vec3": {
      "version": "1.0.0",
      "resolved": "https://registry.npmjs.org/quat-from-unit-vec3/-/quat-from-unit-vec3-1.0.0.tgz",
      "integrity": "sha512-YafBjP7aQn4bAAloXlOezI1M7Yh1HpjkZOVTUwd7jn/jG2XlZ8JYkxuAuCq92+sxwwCgtpW1VT5fo71rWV1usQ==",
      "license": "MIT",
      "dependencies": {
        "gl-quat": "^1.0.0",
        "gl-vec3": "^1.0.3"
      }
    },
    "node_modules/readdirp": {
      "version": "4.0.2",
      "resolved": "https://registry.npmjs.org/readdirp/-/readdirp-4.0.2.tgz",
      "integrity": "sha512-yDMz9g+VaZkqBYS/ozoBJwaBhTbZo3UNYQHNRw1D3UFQB8oHB4uS/tAODO+ZLjGWmUbKnIlOWO+aaIiAxrUWHA==",
      "dev": true,
      "license": "MIT",
      "engines": {
        "node": ">= 14.16.0"
      },
      "funding": {
        "type": "individual",
        "url": "https://paulmillr.com/funding/"
      }
    },
    "node_modules/regl": {
      "version": "2.1.1",
      "resolved": "https://registry.npmjs.org/regl/-/regl-2.1.1.tgz",
      "integrity": "sha512-+IOGrxl3FZ8ZM9ixCWQZzFRiRn7Rzn9bu3iFHwg/yz4tlOUQgbO4PHLgG+1ZT60zcIV8tief6Qrmyl8qcoJP0g==",
      "license": "MIT"
    },
    "node_modules/right-now": {
      "version": "1.0.0",
      "resolved": "https://registry.npmjs.org/right-now/-/right-now-1.0.0.tgz",
      "integrity": "sha512-DA8+YS+sMIVpbsuKgy+Z67L9Lxb1p05mNxRpDPNksPDEFir4vmBlUtuN9jkTGn9YMMdlBuK7XQgFiz6ws+yhSg==",
      "license": "MIT"
    },
    "node_modules/rollup": {
      "version": "4.29.1",
      "resolved": "https://registry.npmjs.org/rollup/-/rollup-4.29.1.tgz",
      "integrity": "sha512-RaJ45M/kmJUzSWDs1Nnd5DdV4eerC98idtUOVr6FfKcgxqvjwHmxc5upLF9qZU9EpsVzzhleFahrT3shLuJzIw==",
      "dev": true,
      "license": "MIT",
      "dependencies": {
        "@types/estree": "1.0.6"
      },
      "bin": {
        "rollup": "dist/bin/rollup"
      },
      "engines": {
        "node": ">=18.0.0",
        "npm": ">=8.0.0"
      },
      "optionalDependencies": {
        "@rollup/rollup-android-arm-eabi": "4.29.1",
        "@rollup/rollup-android-arm64": "4.29.1",
        "@rollup/rollup-darwin-arm64": "4.29.1",
        "@rollup/rollup-darwin-x64": "4.29.1",
        "@rollup/rollup-freebsd-arm64": "4.29.1",
        "@rollup/rollup-freebsd-x64": "4.29.1",
        "@rollup/rollup-linux-arm-gnueabihf": "4.29.1",
        "@rollup/rollup-linux-arm-musleabihf": "4.29.1",
        "@rollup/rollup-linux-arm64-gnu": "4.29.1",
        "@rollup/rollup-linux-arm64-musl": "4.29.1",
        "@rollup/rollup-linux-loongarch64-gnu": "4.29.1",
        "@rollup/rollup-linux-powerpc64le-gnu": "4.29.1",
        "@rollup/rollup-linux-riscv64-gnu": "4.29.1",
        "@rollup/rollup-linux-s390x-gnu": "4.29.1",
        "@rollup/rollup-linux-x64-gnu": "4.29.1",
        "@rollup/rollup-linux-x64-musl": "4.29.1",
        "@rollup/rollup-win32-arm64-msvc": "4.29.1",
        "@rollup/rollup-win32-ia32-msvc": "4.29.1",
        "@rollup/rollup-win32-x64-msvc": "4.29.1",
        "fsevents": "~2.3.2"
      }
    },
    "node_modules/sass": {
      "version": "1.83.0",
      "resolved": "https://registry.npmjs.org/sass/-/sass-1.83.0.tgz",
      "integrity": "sha512-qsSxlayzoOjdvXMVLkzF84DJFc2HZEL/rFyGIKbbilYtAvlCxyuzUeff9LawTn4btVnLKg75Z8MMr1lxU1lfGw==",
      "dev": true,
      "license": "MIT",
      "dependencies": {
        "chokidar": "^4.0.0",
        "immutable": "^5.0.2",
        "source-map-js": ">=0.6.2 <2.0.0"
      },
      "bin": {
        "sass": "sass.js"
      },
      "engines": {
        "node": ">=14.0.0"
      },
      "optionalDependencies": {
        "@parcel/watcher": "^2.4.1"
      }
    },
    "node_modules/scheduling": {
      "version": "1.4.4",
      "resolved": "https://registry.npmjs.org/scheduling/-/scheduling-1.4.4.tgz",
      "integrity": "sha512-WHjvxpz83W5q/o2iBQMFb8xtRPbpKCU0ZQt/LuSFhh+w5e6Ejh+DMiFrc5F6BnR2NMoXVOcap+Jmz2xo3Vw4Rw==",
      "license": "MIT"
    },
    "node_modules/signum": {
      "version": "1.0.0",
      "resolved": "https://registry.npmjs.org/signum/-/signum-1.0.0.tgz",
      "integrity": "sha512-yodFGwcyt59XRh7w5W3jPcIQb3Bwi21suEfT7MAWnBX3iCdklJpgDgvGT9o04UonglZN5SNMfJFkHIR/jO8GHw==",
      "license": "MIT"
    },
    "node_modules/source-map-js": {
      "version": "1.2.1",
      "resolved": "https://registry.npmjs.org/source-map-js/-/source-map-js-1.2.1.tgz",
      "integrity": "sha512-UXWMKhLOwVKb728IUtQPXxfYU+usdybtUrK/8uGE8CQMvrhOpwvzDBwj0QhSL7MQc7vIsISBG8VQ8+IDQxpfQA==",
      "dev": true,
      "license": "BSD-3-Clause",
      "engines": {
        "node": ">=0.10.0"
      }
    },
    "node_modules/to-px": {
      "version": "1.1.0",
      "resolved": "https://registry.npmjs.org/to-px/-/to-px-1.1.0.tgz",
      "integrity": "sha512-bfg3GLYrGoEzrGoE05TAL/Uw+H/qrf2ptr9V3W7U0lkjjyYnIfgxmVLUfhQ1hZpIQwin81uxhDjvUkDYsC0xWw==",
      "license": "MIT",
      "dependencies": {
        "parse-unit": "^1.0.1"
      }
    },
    "node_modules/to-regex-range": {
      "version": "5.0.1",
      "resolved": "https://registry.npmjs.org/to-regex-range/-/to-regex-range-5.0.1.tgz",
      "integrity": "sha512-65P7iz6X5yEr1cwcgvQxbbIw7Uk3gOy5dIdtZ4rDveLqhrdJP+Li/Hx6tyK0NEb+2GCyneCMJiGqrADCSNk8sQ==",
      "dev": true,
      "license": "MIT",
      "optional": true,
      "dependencies": {
        "is-number": "^7.0.0"
      },
      "engines": {
        "node": ">=8.0"
      }
    },
    "node_modules/touch-pinch": {
      "version": "1.0.1",
      "resolved": "https://registry.npmjs.org/touch-pinch/-/touch-pinch-1.0.1.tgz",
      "integrity": "sha512-If5caiHlfY2JBQYM8XWjOB4mwEidkYpjLXV6zx1uuama0lrbGNVxhzG0wSpaAdHduoGVtWKAQNoCLrgJDEnnfQ==",
      "license": "MIT",
      "dependencies": {
        "dprop": "^1.0.0",
        "events": "^1.0.2",
        "gl-vec2": "^1.0.0",
        "mouse-event-offset": "^3.0.2"
      }
    },
    "node_modules/typescript": {
      "version": "5.7.2",
      "resolved": "https://registry.npmjs.org/typescript/-/typescript-5.7.2.tgz",
      "integrity": "sha512-i5t66RHxDvVN40HfDd1PsEThGNnlMCMT3jMUuoh9/0TaqWevNontacunWyN02LA9/fIbEWlcHZcgTKb9QoaLfg==",
      "dev": true,
      "license": "Apache-2.0",
      "bin": {
        "tsc": "bin/tsc",
        "tsserver": "bin/tsserver"
      },
      "engines": {
        "node": ">=14.17"
      }
    },
    "node_modules/undici-types": {
      "version": "6.20.0",
      "resolved": "https://registry.npmjs.org/undici-types/-/undici-types-6.20.0.tgz",
      "integrity": "sha512-Ny6QZ2Nju20vw1SRHe3d9jVu6gJ+4e3+MMpqu7pqE5HT6WsTSlce++GQmK5UXS8mzV8DSYHrQH+Xrf2jVcuKNg==",
      "dev": true,
      "license": "MIT"
    },
    "node_modules/vite": {
      "version": "5.4.11",
      "resolved": "https://registry.npmjs.org/vite/-/vite-5.4.11.tgz",
      "integrity": "sha512-c7jFQRklXua0mTzneGW9QVyxFjUgwcihC4bXEtujIo2ouWCe1Ajt/amn2PCxYnhYfd5k09JX3SB7OYWFKYqj8Q==",
      "dev": true,
      "license": "MIT",
      "dependencies": {
        "esbuild": "^0.21.3",
        "postcss": "^8.4.43",
        "rollup": "^4.20.0"
      },
      "bin": {
        "vite": "bin/vite.js"
      },
      "engines": {
        "node": "^18.0.0 || >=20.0.0"
      },
      "funding": {
        "url": "https://github.com/vitejs/vite?sponsor=1"
      },
      "optionalDependencies": {
        "fsevents": "~2.3.3"
      },
      "peerDependencies": {
        "@types/node": "^18.0.0 || >=20.0.0",
        "less": "*",
        "lightningcss": "^1.21.0",
        "sass": "*",
        "sass-embedded": "*",
        "stylus": "*",
        "sugarss": "*",
        "terser": "^5.4.0"
      },
      "peerDependenciesMeta": {
        "@types/node": {
          "optional": true
        },
        "less": {
          "optional": true
        },
        "lightningcss": {
          "optional": true
        },
        "sass": {
          "optional": true
        },
        "sass-embedded": {
          "optional": true
        },
        "stylus": {
          "optional": true
        },
        "sugarss": {
          "optional": true
        },
        "terser": {
          "optional": true
        }
      }
    }
  }
}
